
Microsoft Visual Studio Solution File, Format Version 12.00
# Visual Studio Version 17
VisualStudioVersion = 17.0.32014.148
MinimumVisualStudioVersion = 10.0.40219.1
Project("{9A19103F-16F7-4668-BE54-9A1E7A4F7556}") = "UnitTest.App", "UnitTest.App\UnitTest.App.csproj", "{C14619A1-9908-4F31-8094-DE1F55829AAB}"
EndProject
Project("{9A19103F-16F7-4668-BE54-9A1E7A4F7556}") = "UnitTestApp.Test", "UnitTestApp.Test\UnitTestApp.Test.csproj", "{31B41AAB-B9BC-487E-AB27-CC0AF80C9EDE}"
EndProject
Project("{FAE04EC0-301F-11D3-BF4B-00C04F79EFBC}") = "RealWorldUnitTest.Web", "RealWorldUnitTest.Web\RealWorldUnitTest.Web.csproj", "{3E140975-9C43-4398-B18B-C54A67D24F4B}"
EndProject
Global
	GlobalSection(SolutionConfigurationPlatforms) = preSolution
		Debug|Any CPU = Debug|Any CPU
		Release|Any CPU = Release|Any CPU
	EndGlobalSection
	GlobalSection(ProjectConfigurationPlatforms) = postSolution
		{C14619A1-9908-4F31-8094-DE1F55829AAB}.Debug|Any CPU.ActiveCfg = Debug|Any CPU
		{C14619A1-9908-4F31-8094-DE1F55829AAB}.Debug|Any CPU.Build.0 = Debug|Any CPU
		{C14619A1-9908-4F31-8094-DE1F55829AAB}.Release|Any CPU.ActiveCfg = Release|Any CPU
		{C14619A1-9908-4F31-8094-DE1F55829AAB}.Release|Any CPU.Build.0 = Release|Any CPU
		{31B41AAB-B9BC-487E-AB27-CC0AF80C9EDE}.Debug|Any CPU.ActiveCfg = Debug|Any CPU
		{31B41AAB-B9BC-487E-AB27-CC0AF80C9EDE}.Debug|Any CPU.Build.0 = Debug|Any CPU
		{31B41AAB-B9BC-487E-AB27-CC0AF80C9EDE}.Release|Any CPU.ActiveCfg = Release|Any CPU
		{31B41AAB-B9BC-487E-AB27-CC0AF80C9EDE}.Release|Any CPU.Build.0 = Release|Any CPU
		{3E140975-9C43-4398-B18B-C54A67D24F4B}.Debug|Any CPU.ActiveCfg = Debug|Any CPU
		{3E140975-9C43-4398-B18B-C54A67D24F4B}.Debug|Any CPU.Build.0 = Debug|Any CPU
		{3E140975-9C43-4398-B18B-C54A67D24F4B}.Release|Any CPU.ActiveCfg = Release|Any CPU
		{3E140975-9C43-4398-B18B-C54A67D24F4B}.Release|Any CPU.Build.0 = Release|Any CPU
	EndGlobalSection
	GlobalSection(SolutionProperties) = preSolution
		HideSolutionNode = FALSE
	EndGlobalSection
	GlobalSection(ExtensibilityGlobals) = postSolution
		SolutionGuid = {C4716916-5469-46B2-A1E6-45D41A2F2FC6}
	EndGlobalSection
EndGlobal
